
Microsoft Visual Studio Solution File, Format Version 12.00
# Visual Studio Version 17
VisualStudioVersion = 17.6.33723.286
MinimumVisualStudioVersion = 10.0.40219.1
Project("{FAE04EC0-301F-11D3-BF4B-00C04F79EFBC}") = "Budget.API.Core", "Budget.API.Core\Budget.API.Core.csproj", "{463F7E07-F216-422D-8D31-A76775AB759C}"
EndProject
Global
	GlobalSection(SolutionConfigurationPlatforms) = preSolution
		Debug|Any CPU = Debug|Any CPU
		Release|Any CPU = Release|Any CPU
	EndGlobalSection
	GlobalSection(ProjectConfigurationPlatforms) = postSolution
		{463F7E07-F216-422D-8D31-A76775AB759C}.Debug|Any CPU.ActiveCfg = Debug|Any CPU
		{463F7E07-F216-422D-8D31-A76775AB759C}.Debug|Any CPU.Build.0 = Debug|Any CPU
		{463F7E07-F216-422D-8D31-A76775AB759C}.Release|Any CPU.ActiveCfg = Release|Any CPU
		{463F7E07-F216-422D-8D31-A76775AB759C}.Release|Any CPU.Build.0 = Release|Any CPU
	EndGlobalSection
	GlobalSection(SolutionProperties) = preSolution
		HideSolutionNode = FALSE
	EndGlobalSection
	GlobalSection(ExtensibilityGlobals) = postSolution
		SolutionGuid = {1D4AA082-2285-41E1-AD3A-A22DA2D759B2}
	EndGlobalSection
EndGlobal
