
Microsoft Visual Studio Solution File, Format Version 12.00
# Visual Studio Version 17
VisualStudioVersion = 17.6.33723.286
MinimumVisualStudioVersion = 10.0.40219.1
Project("{9A19103F-16F7-4668-BE54-9A1E7A4F7556}") = "Budget.API.Core", "Budget.API.Core\Budget.API.Core.csproj", "{463F7E07-F216-422D-8D31-A76775AB759C}"
EndProject
Project("{9A19103F-16F7-4668-BE54-9A1E7A4F7556}") = "Budget.API.Data", "Budget.API.Data\Budget.API.Data.csproj", "{2AAA7372-E419-4441-9085-A333E9B3949E}"
EndProject
Project("{FAE04EC0-301F-11D3-BF4B-00C04F79EFBC}") = "Budget.API.Contracts", "Budget.API.Contracts\Budget.API.Contracts.csproj", "{9F6A1713-591F-45CA-890F-12DFD30880A4}"
EndProject
Global
	GlobalSection(SolutionConfigurationPlatforms) = preSolution
		Debug|Any CPU = Debug|Any CPU
		Release|Any CPU = Release|Any CPU
	EndGlobalSection
	GlobalSection(ProjectConfigurationPlatforms) = postSolution
		{463F7E07-F216-422D-8D31-A76775AB759C}.Debug|Any CPU.ActiveCfg = Debug|Any CPU
		{463F7E07-F216-422D-8D31-A76775AB759C}.Debug|Any CPU.Build.0 = Debug|Any CPU
		{463F7E07-F216-422D-8D31-A76775AB759C}.Release|Any CPU.ActiveCfg = Release|Any CPU
		{463F7E07-F216-422D-8D31-A76775AB759C}.Release|Any CPU.Build.0 = Release|Any CPU
		{2AAA7372-E419-4441-9085-A333E9B3949E}.Debug|Any CPU.ActiveCfg = Debug|Any CPU
		{2AAA7372-E419-4441-9085-A333E9B3949E}.Debug|Any CPU.Build.0 = Debug|Any CPU
		{2AAA7372-E419-4441-9085-A333E9B3949E}.Release|Any CPU.ActiveCfg = Release|Any CPU
		{2AAA7372-E419-4441-9085-A333E9B3949E}.Release|Any CPU.Build.0 = Release|Any CPU
		{9F6A1713-591F-45CA-890F-12DFD30880A4}.Debug|Any CPU.ActiveCfg = Debug|Any CPU
		{9F6A1713-591F-45CA-890F-12DFD30880A4}.Debug|Any CPU.Build.0 = Debug|Any CPU
		{9F6A1713-591F-45CA-890F-12DFD30880A4}.Release|Any CPU.ActiveCfg = Release|Any CPU
		{9F6A1713-591F-45CA-890F-12DFD30880A4}.Release|Any CPU.Build.0 = Release|Any CPU
	EndGlobalSection
	GlobalSection(SolutionProperties) = preSolution
		HideSolutionNode = FALSE
	EndGlobalSection
	GlobalSection(ExtensibilityGlobals) = postSolution
		SolutionGuid = {1D4AA082-2285-41E1-AD3A-A22DA2D759B2}
	EndGlobalSection
EndGlobal
